
Microsoft Visual Studio Solution File, Format Version 12.00
# Visual Studio Express 2012 for Windows Desktop
Project("{FAE04EC0-301F-11D3-BF4B-00C04F79EFBC}") = "DelaunayTriangulation.Tests", "DelaunayTriangulation.Tests\DelaunayTriangulation.Tests.csproj", "{93DCE9A7-3FC7-4142-B8DE-E926C7643161}"
EndProject
Project("{FAE04EC0-301F-11D3-BF4B-00C04F79EFBC}") = "Algorithms", "Algorithms\Algorithms.csproj", "{EEF6BF51-538D-408D-87B0-46B057DA33A4}"
EndProject
Project("{FAE04EC0-301F-11D3-BF4B-00C04F79EFBC}") = "GeoLib", "GeoLib 4.0\GeoLib.csproj", "{263192A1-5B8D-4F2B-96AD-0FBA86C9F4F5}"
EndProject
Project("{FAE04EC0-301F-11D3-BF4B-00C04F79EFBC}") = "GeoPolygons", "GeoPolygons 4.0\GeoPolygons.csproj", "{A13AA7E0-06C4-4401-9006-C7EB506B3479}"
EndProject
Project("{FAE04EC0-301F-11D3-BF4B-00C04F79EFBC}") = "GeoProjections", "GeoProjections 1.0\GeoProjections 1.0\GeoProjections.csproj", "{AA73FC9A-EF3A-435F-B7CA-4E6C80936D36}"
EndProject
Project("{FAE04EC0-301F-11D3-BF4B-00C04F79EFBC}") = "GeoView", "GeoView 1.0\GeoView 1.0\GeoView.csproj", "{C1D5140E-431F-4AAF-ACA7-8BB2D06B11BE}"
EndProject
Project("{FAE04EC0-301F-11D3-BF4B-00C04F79EFBC}") = "WindowsFormsApplication1", "MyBlankSolution\WindowsFormsApplication1\WindowsFormsApplication1.csproj", "{BC520A67-9AD9-44A4-BB9C-0B004F0AE0E0}"
EndProject
Global
	GlobalSection(SolutionConfigurationPlatforms) = preSolution
		Debug|Any CPU = Debug|Any CPU
		Debug|Mixed Platforms = Debug|Mixed Platforms
		Debug|x86 = Debug|x86
		Evaluation|Any CPU = Evaluation|Any CPU
		Evaluation|Mixed Platforms = Evaluation|Mixed Platforms
		Evaluation|x86 = Evaluation|x86
		Release|Any CPU = Release|Any CPU
		Release|Mixed Platforms = Release|Mixed Platforms
		Release|x86 = Release|x86
	EndGlobalSection
	GlobalSection(ProjectConfigurationPlatforms) = postSolution
		{93DCE9A7-3FC7-4142-B8DE-E926C7643161}.Debug|Any CPU.ActiveCfg = Debug|Any CPU
		{93DCE9A7-3FC7-4142-B8DE-E926C7643161}.Debug|Any CPU.Build.0 = Debug|Any CPU
		{93DCE9A7-3FC7-4142-B8DE-E926C7643161}.Debug|Mixed Platforms.ActiveCfg = Debug|Any CPU
		{93DCE9A7-3FC7-4142-B8DE-E926C7643161}.Debug|Mixed Platforms.Build.0 = Debug|Any CPU
		{93DCE9A7-3FC7-4142-B8DE-E926C7643161}.Debug|x86.ActiveCfg = Debug|Any CPU
		{93DCE9A7-3FC7-4142-B8DE-E926C7643161}.Evaluation|Any CPU.ActiveCfg = Release|Any CPU
		{93DCE9A7-3FC7-4142-B8DE-E926C7643161}.Evaluation|Any CPU.Build.0 = Release|Any CPU
		{93DCE9A7-3FC7-4142-B8DE-E926C7643161}.Evaluation|Mixed Platforms.ActiveCfg = Release|Any CPU
		{93DCE9A7-3FC7-4142-B8DE-E926C7643161}.Evaluation|Mixed Platforms.Build.0 = Release|Any CPU
		{93DCE9A7-3FC7-4142-B8DE-E926C7643161}.Evaluation|x86.ActiveCfg = Release|Any CPU
		{93DCE9A7-3FC7-4142-B8DE-E926C7643161}.Release|Any CPU.ActiveCfg = Release|Any CPU
		{93DCE9A7-3FC7-4142-B8DE-E926C7643161}.Release|Any CPU.Build.0 = Release|Any CPU
		{93DCE9A7-3FC7-4142-B8DE-E926C7643161}.Release|Mixed Platforms.ActiveCfg = Release|Any CPU
		{93DCE9A7-3FC7-4142-B8DE-E926C7643161}.Release|Mixed Platforms.Build.0 = Release|Any CPU
		{93DCE9A7-3FC7-4142-B8DE-E926C7643161}.Release|x86.ActiveCfg = Release|Any CPU
		{EEF6BF51-538D-408D-87B0-46B057DA33A4}.Debug|Any CPU.ActiveCfg = Debug|Any CPU
		{EEF6BF51-538D-408D-87B0-46B057DA33A4}.Debug|Any CPU.Build.0 = Debug|Any CPU
		{EEF6BF51-538D-408D-87B0-46B057DA33A4}.Debug|Mixed Platforms.ActiveCfg = Debug|Any CPU
		{EEF6BF51-538D-408D-87B0-46B057DA33A4}.Debug|Mixed Platforms.Build.0 = Debug|Any CPU
		{EEF6BF51-538D-408D-87B0-46B057DA33A4}.Debug|x86.ActiveCfg = Debug|Any CPU
		{EEF6BF51-538D-408D-87B0-46B057DA33A4}.Evaluation|Any CPU.ActiveCfg = Release|Any CPU
		{EEF6BF51-538D-408D-87B0-46B057DA33A4}.Evaluation|Any CPU.Build.0 = Release|Any CPU
		{EEF6BF51-538D-408D-87B0-46B057DA33A4}.Evaluation|Mixed Platforms.ActiveCfg = Release|Any CPU
		{EEF6BF51-538D-408D-87B0-46B057DA33A4}.Evaluation|Mixed Platforms.Build.0 = Release|Any CPU
		{EEF6BF51-538D-408D-87B0-46B057DA33A4}.Evaluation|x86.ActiveCfg = Release|Any CPU
		{EEF6BF51-538D-408D-87B0-46B057DA33A4}.Release|Any CPU.ActiveCfg = Release|Any CPU
		{EEF6BF51-538D-408D-87B0-46B057DA33A4}.Release|Any CPU.Build.0 = Release|Any CPU
		{EEF6BF51-538D-408D-87B0-46B057DA33A4}.Release|Mixed Platforms.ActiveCfg = Release|Any CPU
		{EEF6BF51-538D-408D-87B0-46B057DA33A4}.Release|Mixed Platforms.Build.0 = Release|Any CPU
		{EEF6BF51-538D-408D-87B0-46B057DA33A4}.Release|x86.ActiveCfg = Release|Any CPU
		{263192A1-5B8D-4F2B-96AD-0FBA86C9F4F5}.Debug|Any CPU.ActiveCfg = Debug|Any CPU
		{263192A1-5B8D-4F2B-96AD-0FBA86C9F4F5}.Debug|Any CPU.Build.0 = Debug|Any CPU
		{263192A1-5B8D-4F2B-96AD-0FBA86C9F4F5}.Debug|Mixed Platforms.ActiveCfg = Debug|Any CPU
		{263192A1-5B8D-4F2B-96AD-0FBA86C9F4F5}.Debug|Mixed Platforms.Build.0 = Debug|Any CPU
		{263192A1-5B8D-4F2B-96AD-0FBA86C9F4F5}.Debug|x86.ActiveCfg = Debug|Any CPU
		{263192A1-5B8D-4F2B-96AD-0FBA86C9F4F5}.Evaluation|Any CPU.ActiveCfg = Evaluation|Any CPU
		{263192A1-5B8D-4F2B-96AD-0FBA86C9F4F5}.Evaluation|Any CPU.Build.0 = Evaluation|Any CPU
		{263192A1-5B8D-4F2B-96AD-0FBA86C9F4F5}.Evaluation|Mixed Platforms.ActiveCfg = Evaluation|Any CPU
		{263192A1-5B8D-4F2B-96AD-0FBA86C9F4F5}.Evaluation|Mixed Platforms.Build.0 = Evaluation|Any CPU
		{263192A1-5B8D-4F2B-96AD-0FBA86C9F4F5}.Evaluation|x86.ActiveCfg = Evaluation|Any CPU
		{263192A1-5B8D-4F2B-96AD-0FBA86C9F4F5}.Release|Any CPU.ActiveCfg = Release|Any CPU
		{263192A1-5B8D-4F2B-96AD-0FBA86C9F4F5}.Release|Any CPU.Build.0 = Release|Any CPU
		{263192A1-5B8D-4F2B-96AD-0FBA86C9F4F5}.Release|Mixed Platforms.ActiveCfg = Release|Any CPU
		{263192A1-5B8D-4F2B-96AD-0FBA86C9F4F5}.Release|Mixed Platforms.Build.0 = Release|Any CPU
		{263192A1-5B8D-4F2B-96AD-0FBA86C9F4F5}.Release|x86.ActiveCfg = Release|Any CPU
		{A13AA7E0-06C4-4401-9006-C7EB506B3479}.Debug|Any CPU.ActiveCfg = Debug|Any CPU
		{A13AA7E0-06C4-4401-9006-C7EB506B3479}.Debug|Any CPU.Build.0 = Debug|Any CPU
		{A13AA7E0-06C4-4401-9006-C7EB506B3479}.Debug|Mixed Platforms.ActiveCfg = Debug|Any CPU
		{A13AA7E0-06C4-4401-9006-C7EB506B3479}.Debug|Mixed Platforms.Build.0 = Debug|Any CPU
		{A13AA7E0-06C4-4401-9006-C7EB506B3479}.Debug|x86.ActiveCfg = Debug|Any CPU
		{A13AA7E0-06C4-4401-9006-C7EB506B3479}.Evaluation|Any CPU.ActiveCfg = Release|Any CPU
		{A13AA7E0-06C4-4401-9006-C7EB506B3479}.Evaluation|Any CPU.Build.0 = Release|Any CPU
		{A13AA7E0-06C4-4401-9006-C7EB506B3479}.Evaluation|Mixed Platforms.ActiveCfg = Release|Any CPU
		{A13AA7E0-06C4-4401-9006-C7EB506B3479}.Evaluation|Mixed Platforms.Build.0 = Release|Any CPU
		{A13AA7E0-06C4-4401-9006-C7EB506B3479}.Evaluation|x86.ActiveCfg = Release|Any CPU
		{A13AA7E0-06C4-4401-9006-C7EB506B3479}.Release|Any CPU.ActiveCfg = Release|Any CPU
		{A13AA7E0-06C4-4401-9006-C7EB506B3479}.Release|Any CPU.Build.0 = Release|Any CPU
		{A13AA7E0-06C4-4401-9006-C7EB506B3479}.Release|Mixed Platforms.ActiveCfg = Release|Any CPU
		{A13AA7E0-06C4-4401-9006-C7EB506B3479}.Release|Mixed Platforms.Build.0 = Release|Any CPU
		{A13AA7E0-06C4-4401-9006-C7EB506B3479}.Release|x86.ActiveCfg = Release|Any CPU
		{AA73FC9A-EF3A-435F-B7CA-4E6C80936D36}.Debug|Any CPU.ActiveCfg = Debug|Any CPU
		{AA73FC9A-EF3A-435F-B7CA-4E6C80936D36}.Debug|Any CPU.Build.0 = Debug|Any CPU
		{AA73FC9A-EF3A-435F-B7CA-4E6C80936D36}.Debug|Mixed Platforms.ActiveCfg = Debug|Any CPU
		{AA73FC9A-EF3A-435F-B7CA-4E6C80936D36}.Debug|Mixed Platforms.Build.0 = Debug|Any CPU
		{AA73FC9A-EF3A-435F-B7CA-4E6C80936D36}.Debug|x86.ActiveCfg = Debug|Any CPU
		{AA73FC9A-EF3A-435F-B7CA-4E6C80936D36}.Evaluation|Any CPU.ActiveCfg = Release|Any CPU
		{AA73FC9A-EF3A-435F-B7CA-4E6C80936D36}.Evaluation|Any CPU.Build.0 = Release|Any CPU
		{AA73FC9A-EF3A-435F-B7CA-4E6C80936D36}.Evaluation|Mixed Platforms.ActiveCfg = Release|Any CPU
		{AA73FC9A-EF3A-435F-B7CA-4E6C80936D36}.Evaluation|Mixed Platforms.Build.0 = Release|Any CPU
		{AA73FC9A-EF3A-435F-B7CA-4E6C80936D36}.Evaluation|x86.ActiveCfg = Release|Any CPU
		{AA73FC9A-EF3A-435F-B7CA-4E6C80936D36}.Release|Any CPU.ActiveCfg = Release|Any CPU
		{AA73FC9A-EF3A-435F-B7CA-4E6C80936D36}.Release|Any CPU.Build.0 = Release|Any CPU
		{AA73FC9A-EF3A-435F-B7CA-4E6C80936D36}.Release|Mixed Platforms.ActiveCfg = Release|Any CPU
		{AA73FC9A-EF3A-435F-B7CA-4E6C80936D36}.Release|Mixed Platforms.Build.0 = Release|Any CPU
		{AA73FC9A-EF3A-435F-B7CA-4E6C80936D36}.Release|x86.ActiveCfg = Release|Any CPU
		{C1D5140E-431F-4AAF-ACA7-8BB2D06B11BE}.Debug|Any CPU.ActiveCfg = Debug|Any CPU
		{C1D5140E-431F-4AAF-ACA7-8BB2D06B11BE}.Debug|Any CPU.Build.0 = Debug|Any CPU
		{C1D5140E-431F-4AAF-ACA7-8BB2D06B11BE}.Debug|Mixed Platforms.ActiveCfg = Debug|Any CPU
		{C1D5140E-431F-4AAF-ACA7-8BB2D06B11BE}.Debug|Mixed Platforms.Build.0 = Debug|Any CPU
		{C1D5140E-431F-4AAF-ACA7-8BB2D06B11BE}.Debug|x86.ActiveCfg = Debug|Any CPU
		{C1D5140E-431F-4AAF-ACA7-8BB2D06B11BE}.Evaluation|Any CPU.ActiveCfg = Release|Any CPU
		{C1D5140E-431F-4AAF-ACA7-8BB2D06B11BE}.Evaluation|Any CPU.Build.0 = Release|Any CPU
		{C1D5140E-431F-4AAF-ACA7-8BB2D06B11BE}.Evaluation|Mixed Platforms.ActiveCfg = Release|Any CPU
		{C1D5140E-431F-4AAF-ACA7-8BB2D06B11BE}.Evaluation|Mixed Platforms.Build.0 = Release|Any CPU
		{C1D5140E-431F-4AAF-ACA7-8BB2D06B11BE}.Evaluation|x86.ActiveCfg = Release|Any CPU
		{C1D5140E-431F-4AAF-ACA7-8BB2D06B11BE}.Release|Any CPU.ActiveCfg = Release|Any CPU
		{C1D5140E-431F-4AAF-ACA7-8BB2D06B11BE}.Release|Any CPU.Build.0 = Release|Any CPU
		{C1D5140E-431F-4AAF-ACA7-8BB2D06B11BE}.Release|Mixed Platforms.ActiveCfg = Release|Any CPU
		{C1D5140E-431F-4AAF-ACA7-8BB2D06B11BE}.Release|Mixed Platforms.Build.0 = Release|Any CPU
		{C1D5140E-431F-4AAF-ACA7-8BB2D06B11BE}.Release|x86.ActiveCfg = Release|Any CPU
		{BC520A67-9AD9-44A4-BB9C-0B004F0AE0E0}.Debug|Any CPU.ActiveCfg = Debug|x86
		{BC520A67-9AD9-44A4-BB9C-0B004F0AE0E0}.Debug|Mixed Platforms.ActiveCfg = Debug|x86
		{BC520A67-9AD9-44A4-BB9C-0B004F0AE0E0}.Debug|Mixed Platforms.Build.0 = Debug|x86
		{BC520A67-9AD9-44A4-BB9C-0B004F0AE0E0}.Debug|x86.ActiveCfg = Debug|x86
		{BC520A67-9AD9-44A4-BB9C-0B004F0AE0E0}.Debug|x86.Build.0 = Debug|x86
		{BC520A67-9AD9-44A4-BB9C-0B004F0AE0E0}.Evaluation|Any CPU.ActiveCfg = Release|x86
		{BC520A67-9AD9-44A4-BB9C-0B004F0AE0E0}.Evaluation|Mixed Platforms.ActiveCfg = Release|x86
		{BC520A67-9AD9-44A4-BB9C-0B004F0AE0E0}.Evaluation|Mixed Platforms.Build.0 = Release|x86
		{BC520A67-9AD9-44A4-BB9C-0B004F0AE0E0}.Evaluation|x86.ActiveCfg = Release|x86
		{BC520A67-9AD9-44A4-BB9C-0B004F0AE0E0}.Evaluation|x86.Build.0 = Release|x86
		{BC520A67-9AD9-44A4-BB9C-0B004F0AE0E0}.Release|Any CPU.ActiveCfg = Release|x86
		{BC520A67-9AD9-44A4-BB9C-0B004F0AE0E0}.Release|Mixed Platforms.ActiveCfg = Release|x86
		{BC520A67-9AD9-44A4-BB9C-0B004F0AE0E0}.Release|Mixed Platforms.Build.0 = Release|x86
		{BC520A67-9AD9-44A4-BB9C-0B004F0AE0E0}.Release|x86.ActiveCfg = Release|x86
		{BC520A67-9AD9-44A4-BB9C-0B004F0AE0E0}.Release|x86.Build.0 = Release|x86
	EndGlobalSection
	GlobalSection(SolutionProperties) = preSolution
		HideSolutionNode = FALSE
	EndGlobalSection
EndGlobal
